
Microsoft Visual Studio Solution File, Format Version 12.00
# Visual Studio Version 16
VisualStudioVersion = 16.0.31424.327
MinimumVisualStudioVersion = 10.0.40219.1
Project("{FAE04EC0-301F-11D3-BF4B-00C04F79EFBC}") = "ISMFirstConsoleProject", "ISMFirstConsoleProject\ISMFirstConsoleProject.csproj", "{8A185650-B43F-430D-8222-82974A65FF64}"
EndProject
Project("{FAE04EC0-301F-11D3-BF4B-00C04F79EFBC}") = "ISMSecondConsoleProject", "ISMSecondConsoleProject\ISMSecondConsoleProject.csproj", "{0FF8F894-017A-4152-A3F0-B86E1CAD7792}"
EndProject
Global
	GlobalSection(SolutionConfigurationPlatforms) = preSolution
		Debug|Any CPU = Debug|Any CPU
		Release|Any CPU = Release|Any CPU
	EndGlobalSection
	GlobalSection(ProjectConfigurationPlatforms) = postSolution
		{8A185650-B43F-430D-8222-82974A65FF64}.Debug|Any CPU.ActiveCfg = Debug|Any CPU
		{8A185650-B43F-430D-8222-82974A65FF64}.Debug|Any CPU.Build.0 = Debug|Any CPU
		{8A185650-B43F-430D-8222-82974A65FF64}.Release|Any CPU.ActiveCfg = Release|Any CPU
		{8A185650-B43F-430D-8222-82974A65FF64}.Release|Any CPU.Build.0 = Release|Any CPU
		{0FF8F894-017A-4152-A3F0-B86E1CAD7792}.Debug|Any CPU.ActiveCfg = Debug|Any CPU
		{0FF8F894-017A-4152-A3F0-B86E1CAD7792}.Debug|Any CPU.Build.0 = Debug|Any CPU
		{0FF8F894-017A-4152-A3F0-B86E1CAD7792}.Release|Any CPU.ActiveCfg = Release|Any CPU
		{0FF8F894-017A-4152-A3F0-B86E1CAD7792}.Release|Any CPU.Build.0 = Release|Any CPU
	EndGlobalSection
	GlobalSection(SolutionProperties) = preSolution
		HideSolutionNode = FALSE
	EndGlobalSection
	GlobalSection(ExtensibilityGlobals) = postSolution
		SolutionGuid = {B4F16669-C429-4707-A698-710A0368DA41}
	EndGlobalSection
EndGlobal
